{
 "name": "client",
 "version": "1.0.0",
 "lockfileVersion": 1,
 "requires": true,
 "dependencies": {
  "@types/vscode": {
   "version": "1.43.0",
   "resolved": "http://r.npm.sankuai.com/@types/vscode/download/@types/vscode-1.43.0.tgz",
   "integrity": "sha1-IiduYANMaTszEX8QaP+qwOiVIts=",
   "dev": true
  },
  "agent-base": {
   "version": "4.3.0",
   "resolved": "http://r.npm.sankuai.com/agent-base/download/agent-base-4.3.0.tgz",
   "integrity": "sha1-gWXwHENgCbzK0LHRIvBe13Dvxu4=",
   "dev": true,
   "requires": {
    "es6-promisify": "^5.0.0"
   }
  },
  "axios": {
   "version": "0.21.1",
   "resolved": "https://registry.npmjs.org/axios/-/axios-0.21.1.tgz",
   "integrity": "sha512-dKQiRHxGD9PPRIUNIWvZhPTPpl1rf/OxTYKsqKUDjBwYylTvV7SjSHJb9ratfyzM6wCdLCOYLzs73qpg5c4iGA==",
   "requires": {
    "follow-redirects": "^1.10.0"
   }
  },
  "balanced-match": {
   "version": "1.0.0",
   "resolved": "http://r.npm.sankuai.com/balanced-match/download/balanced-match-1.0.0.tgz",
   "integrity": "sha1-ibTRmasr7kneFk6gK4nORi1xt2c=",
   "dev": true
  },
  "brace-expansion": {
   "version": "1.1.11",
   "resolved": "http://r.npm.sankuai.com/brace-expansion/download/brace-expansion-1.1.11.tgz",
   "integrity": "sha1-PH/L9SnYcibz0vUrlm/1Jx60Qd0=",
   "dev": true,
   "requires": {
    "balanced-match": "^1.0.0",
    "concat-map": "0.0.1"
   }
  },
  "concat-map": {
   "version": "0.0.1",
   "resolved": "http://r.npm.sankuai.com/concat-map/download/concat-map-0.0.1.tgz",
   "integrity": "sha1-2Klr13/Wjfd5OnMDajug1UBdR3s=",
   "dev": true
  },
  "debug": {
   "version": "3.1.0",
   "resolved": "http://r.npm.sankuai.com/debug/download/debug-3.1.0.tgz",
   "integrity": "sha1-W7WgZyYotkFJVmuhaBnmFRjGcmE=",
   "dev": true,
   "requires": {
    "ms": "2.0.0"
   }
  },
  "es6-promise": {
   "version": "4.2.8",
   "resolved": "http://r.npm.sankuai.com/es6-promise/download/es6-promise-4.2.8.tgz",
   "integrity": "sha1-TrIVlMlyvEBVPSduUQU5FD21Pgo=",
   "dev": true
  },
  "es6-promisify": {
   "version": "5.0.0",
   "resolved": "http://r.npm.sankuai.com/es6-promisify/download/es6-promisify-5.0.0.tgz",
   "integrity": "sha1-UQnWLz5W6pZ8S2NQWu8IKRyKUgM=",
   "dev": true,
   "requires": {
    "es6-promise": "^4.0.3"
   }
  },
  "follow-redirects": {
   "version": "1.13.2",
   "resolved": "https://registry.npmjs.org/follow-redirects/-/follow-redirects-1.13.2.tgz",
   "integrity": "sha512-6mPTgLxYm3r6Bkkg0vNM0HTjfGrOEtsfbhagQvbxDEsEkpNhw582upBaoRZylzen6krEmxXJgt9Ju6HiI4O7BA=="
  },
  "fs.realpath": {
   "version": "1.0.0",
   "resolved": "http://r.npm.sankuai.com/fs.realpath/download/fs.realpath-1.0.0.tgz",
   "integrity": "sha1-FQStJSMVjKpA20onh8sBQRmU6k8=",
   "dev": true
  },
  "glob": {
   "version": "7.1.6",
   "resolved": "http://r.npm.sankuai.com/glob/download/glob-7.1.6.tgz",
   "integrity": "sha1-FB8zuBp8JJLhJVlDB0gMRmeSeKY=",
   "dev": true,
   "requires": {
    "fs.realpath": "^1.0.0",
    "inflight": "^1.0.4",
    "inherits": "2",
    "minimatch": "^3.0.4",
    "once": "^1.3.0",
    "path-is-absolute": "^1.0.0"
   }
  },
  "http-proxy-agent": {
   "version": "2.1.0",
   "resolved": "http://r.npm.sankuai.com/http-proxy-agent/download/http-proxy-agent-2.1.0.tgz",
   "integrity": "sha1-5IIb7vWyFCogJr1zkm/lN2McVAU=",
   "dev": true,
   "requires": {
    "agent-base": "4",
    "debug": "3.1.0"
   }
  },
  "https-proxy-agent": {
   "version": "2.2.4",
   "resolved": "http://r.npm.sankuai.com/https-proxy-agent/download/https-proxy-agent-2.2.4.tgz",
   "integrity": "sha1-TuenN6vZJniik9mzShr00NCMeHs=",
   "dev": true,
   "requires": {
    "agent-base": "^4.3.0",
    "debug": "^3.1.0"
   }
  },
  "inflight": {
   "version": "1.0.6",
   "resolved": "http://r.npm.sankuai.com/inflight/download/inflight-1.0.6.tgz",
   "integrity": "sha1-Sb1jMdfQLQwJvJEKEHW6gWW1bfk=",
   "dev": true,
   "requires": {
    "once": "^1.3.0",
    "wrappy": "1"
   }
  },
  "inherits": {
   "version": "2.0.4",
   "resolved": "http://r.npm.sankuai.com/inherits/download/inherits-2.0.4.tgz",
   "integrity": "sha1-D6LGT5MpF8NDOg3tVTY6rjdBa3w=",
   "dev": true
  },
  "minimatch": {
   "version": "3.0.4",
   "resolved": "http://r.npm.sankuai.com/minimatch/download/minimatch-3.0.4.tgz",
   "integrity": "sha1-UWbihkV/AzBgZL5Ul+jbsMPTIIM=",
   "dev": true,
   "requires": {
    "brace-expansion": "^1.1.7"
   }
  },
  "ms": {
   "version": "2.0.0",
   "resolved": "http://r.npm.sankuai.com/ms/download/ms-2.0.0.tgz",
   "integrity": "sha1-VgiurfwAvmwpAd9fmGF4jeDVl8g=",
   "dev": true
  },
  "once": {
   "version": "1.4.0",
   "resolved": "http://r.npm.sankuai.com/once/download/once-1.4.0.tgz",
   "integrity": "sha1-WDsap3WWHUsROsF9nFC6753Xa9E=",
   "dev": true,
   "requires": {
    "wrappy": "1"
   }
  },
  "path-is-absolute": {
   "version": "1.0.1",
   "resolved": "http://r.npm.sankuai.com/path-is-absolute/download/path-is-absolute-1.0.1.tgz",
   "integrity": "sha1-F0uSaHNVNP+8es5r9TpanhtcX18=",
   "dev": true
  },
  "rimraf": {
   "version": "2.7.1",
   "resolved": "http://r.npm.sankuai.com/rimraf/download/rimraf-2.7.1.tgz",
   "integrity": "sha1-NXl/E6f9rcVmFCwp1PB8ytSD4+w=",
   "dev": true,
   "requires": {
    "glob": "^7.1.3"
   }
  },
  "semver": {
   "version": "6.3.0",
   "resolved": "http://r.npm.sankuai.com/semver/download/semver-6.3.0.tgz",
   "integrity": "sha1-7gpkyK9ejO6mdoexM3YeG+y9HT0="
  },
  "vscode-jsonrpc": {
   "version": "5.0.1",
   "resolved": "http://r.npm.sankuai.com/vscode-jsonrpc/download/vscode-jsonrpc-5.0.1.tgz",
   "integrity": "sha1-m6ucMw2J9D/IwehwK1w24FigF5Q="
  },
  "vscode-languageclient": {
   "version": "6.1.3",
   "resolved": "http://r.npm.sankuai.com/vscode-languageclient/download/vscode-languageclient-6.1.3.tgz",
   "integrity": "sha1-yXnFu1hVcUoDB+mYwYyoJ8GzlTo=",
   "requires": {
    "semver": "^6.3.0",
    "vscode-languageserver-protocol": "^3.15.3"
   }
  },
  "vscode-languageserver-protocol": {
   "version": "3.15.3",
   "resolved": "http://r.npm.sankuai.com/vscode-languageserver-protocol/download/vscode-languageserver-protocol-3.15.3.tgz",
   "integrity": "sha1-P6mgcC10LPeIPLYYKmIS/NCh2Ls=",
   "requires": {
    "vscode-jsonrpc": "^5.0.1",
    "vscode-languageserver-types": "3.15.1"
   }
  },
  "vscode-languageserver-types": {
   "version": "3.15.1",
   "resolved": "http://r.npm.sankuai.com/vscode-languageserver-types/download/vscode-languageserver-types-3.15.1.tgz",
   "integrity": "sha1-F75x140vYjbUFPAAHOHvTSPmtt4="
  },
  "vscode-test": {
   "version": "1.4.0",
   "resolved": "http://r.npm.sankuai.com/vscode-test/download/vscode-test-1.4.0.tgz",
   "integrity": "sha1-pW9zwWZ7TTe6a6pnZfIzoZ1P+/4=",
   "dev": true,
   "requires": {
    "http-proxy-agent": "^2.1.0",
    "https-proxy-agent": "^2.2.4",
    "rimraf": "^2.6.3"
   }
  },
  "wrappy": {
   "version": "1.0.2",
   "resolved": "http://r.npm.sankuai.com/wrappy/download/wrappy-1.0.2.tgz",
   "integrity": "sha1-tSQ9jz7BqjXxNkYFvA0QNuMKtp8=",
   "dev": true
  }
 }
}
